github.com/HEIGE-PCloud/DoIt v0.4.2 h1:XlaBBpxq+sJ6BNzwZtrhxA5CRAt3KBAeIrVVf/08eYg=
github.com/HEIGE-PCloud/DoIt v0.4.2/go.mod h1:gC0tjEUJLRfQJ7k1sq49V5gm4sRm0c2AUgPkcfZrPKQ=
github.com/gurusabarish/hugo-profile v0.0.0-20250216102448-1fb40fd0994c h1:eS0p7yY8LqJiXeq/GhDcfM+US4vG87Y20ciuXlfZccM=
github.com/gurusabarish/hugo-profile v0.0.0-20250216102448-1fb40fd0994c/go.mod h1:drpVx8hmKaH1c5qiGjGFQ6FU+I1C6ygS/U7AB5nMH44=
